
Microsoft Visual Studio Solution File, Format Version 12.00
# Visual Studio Version 17
VisualStudioVersion = 17.3.32922.545
MinimumVisualStudioVersion = 10.0.40219.1
Project("{FAE04EC0-301F-11D3-BF4B-00C04F79EFBC}") = "WebAppLabs", "WebAppLabs\WebAppLabs.csproj", "{40685185-8A26-4A7F-A0BB-6B15FC272998}"
EndProject
Project("{FAE04EC0-301F-11D3-BF4B-00C04F79EFBC}") = "DAL", "DAL\DAL.csproj", "{392CC46E-22F3-4B33-B4AD-6E06800C9E89}"
EndProject
Project("{FAE04EC0-301F-11D3-BF4B-00C04F79EFBC}") = "BLL", "BLL\BLL.csproj", "{C0D78BFA-4CD2-425A-BF14-A0282C497CC0}"
EndProject
Project("{FAE04EC0-301F-11D3-BF4B-00C04F79EFBC}") = "Domain", "Domain\Domain.csproj", "{EFAFCB40-887A-440A-8914-673BA880F6E6}"
EndProject
Global
	GlobalSection(SolutionConfigurationPlatforms) = preSolution
		Debug|Any CPU = Debug|Any CPU
		Release|Any CPU = Release|Any CPU
	EndGlobalSection
	GlobalSection(ProjectConfigurationPlatforms) = postSolution
		{40685185-8A26-4A7F-A0BB-6B15FC272998}.Debug|Any CPU.ActiveCfg = Debug|Any CPU
		{40685185-8A26-4A7F-A0BB-6B15FC272998}.Debug|Any CPU.Build.0 = Debug|Any CPU
		{40685185-8A26-4A7F-A0BB-6B15FC272998}.Release|Any CPU.ActiveCfg = Release|Any CPU
		{40685185-8A26-4A7F-A0BB-6B15FC272998}.Release|Any CPU.Build.0 = Release|Any CPU
		{392CC46E-22F3-4B33-B4AD-6E06800C9E89}.Debug|Any CPU.ActiveCfg = Debug|Any CPU
		{392CC46E-22F3-4B33-B4AD-6E06800C9E89}.Debug|Any CPU.Build.0 = Debug|Any CPU
		{392CC46E-22F3-4B33-B4AD-6E06800C9E89}.Release|Any CPU.ActiveCfg = Release|Any CPU
		{392CC46E-22F3-4B33-B4AD-6E06800C9E89}.Release|Any CPU.Build.0 = Release|Any CPU
		{C0D78BFA-4CD2-425A-BF14-A0282C497CC0}.Debug|Any CPU.ActiveCfg = Debug|Any CPU
		{C0D78BFA-4CD2-425A-BF14-A0282C497CC0}.Debug|Any CPU.Build.0 = Debug|Any CPU
		{C0D78BFA-4CD2-425A-BF14-A0282C497CC0}.Release|Any CPU.ActiveCfg = Release|Any CPU
		{C0D78BFA-4CD2-425A-BF14-A0282C497CC0}.Release|Any CPU.Build.0 = Release|Any CPU
		{EFAFCB40-887A-440A-8914-673BA880F6E6}.Debug|Any CPU.ActiveCfg = Debug|Any CPU
		{EFAFCB40-887A-440A-8914-673BA880F6E6}.Debug|Any CPU.Build.0 = Debug|Any CPU
		{EFAFCB40-887A-440A-8914-673BA880F6E6}.Release|Any CPU.ActiveCfg = Release|Any CPU
		{EFAFCB40-887A-440A-8914-673BA880F6E6}.Release|Any CPU.Build.0 = Release|Any CPU
	EndGlobalSection
	GlobalSection(SolutionProperties) = preSolution
		HideSolutionNode = FALSE
	EndGlobalSection
	GlobalSection(ExtensibilityGlobals) = postSolution
		SolutionGuid = {C4E902EF-291D-4511-90DD-A9D2BDDF4268}
	EndGlobalSection
EndGlobal
