
Microsoft Visual Studio Solution File, Format Version 12.00
# Visual Studio Version 17
VisualStudioVersion = 17.3.32922.545
MinimumVisualStudioVersion = 10.0.40219.1
Project("{9A19103F-16F7-4668-BE54-9A1E7A4F7556}") = "BackendLab", "BackendLab\BackendLab.csproj", "{8493F4CC-A11F-4609-92E0-EC92FA454CD0}"
EndProject
Project("{9A19103F-16F7-4668-BE54-9A1E7A4F7556}") = "Domain", "Domain\Domain.csproj", "{4F700AFB-BB98-4A98-AEA0-C252AFB1B8B7}"
EndProject
Project("{FAE04EC0-301F-11D3-BF4B-00C04F79EFBC}") = "Infrastructure", "Infrastructure\Infrastructure.csproj", "{5A08DE35-80D2-4E3D-B7EB-01A014B1C1C1}"
EndProject
Global
	GlobalSection(SolutionConfigurationPlatforms) = preSolution
		Debug|Any CPU = Debug|Any CPU
		Release|Any CPU = Release|Any CPU
	EndGlobalSection
	GlobalSection(ProjectConfigurationPlatforms) = postSolution
		{8493F4CC-A11F-4609-92E0-EC92FA454CD0}.Debug|Any CPU.ActiveCfg = Debug|Any CPU
		{8493F4CC-A11F-4609-92E0-EC92FA454CD0}.Debug|Any CPU.Build.0 = Debug|Any CPU
		{8493F4CC-A11F-4609-92E0-EC92FA454CD0}.Release|Any CPU.ActiveCfg = Release|Any CPU
		{8493F4CC-A11F-4609-92E0-EC92FA454CD0}.Release|Any CPU.Build.0 = Release|Any CPU
		{4F700AFB-BB98-4A98-AEA0-C252AFB1B8B7}.Debug|Any CPU.ActiveCfg = Debug|Any CPU
		{4F700AFB-BB98-4A98-AEA0-C252AFB1B8B7}.Debug|Any CPU.Build.0 = Debug|Any CPU
		{4F700AFB-BB98-4A98-AEA0-C252AFB1B8B7}.Release|Any CPU.ActiveCfg = Release|Any CPU
		{4F700AFB-BB98-4A98-AEA0-C252AFB1B8B7}.Release|Any CPU.Build.0 = Release|Any CPU
		{5A08DE35-80D2-4E3D-B7EB-01A014B1C1C1}.Debug|Any CPU.ActiveCfg = Debug|Any CPU
		{5A08DE35-80D2-4E3D-B7EB-01A014B1C1C1}.Debug|Any CPU.Build.0 = Debug|Any CPU
		{5A08DE35-80D2-4E3D-B7EB-01A014B1C1C1}.Release|Any CPU.ActiveCfg = Release|Any CPU
		{5A08DE35-80D2-4E3D-B7EB-01A014B1C1C1}.Release|Any CPU.Build.0 = Release|Any CPU
	EndGlobalSection
	GlobalSection(SolutionProperties) = preSolution
		HideSolutionNode = FALSE
	EndGlobalSection
	GlobalSection(ExtensibilityGlobals) = postSolution
		SolutionGuid = {532078B4-C51E-43D6-BCD3-71C35721005E}
	EndGlobalSection
EndGlobal
